// !$*UTF8*$!
{
	archiveVersion = 1;
	classes = {
	};
	objectVersion = 60;
	objects = {

/* Begin PBXBuildFile section */
		D13799B02C25A25000F84B89 /* UpdateProgress.swift in Sources */ = {isa = PBXBuildFile; fileRef = D13799AF2C25A25000F84B89 /* UpdateProgress.swift */; };
		D1B0C0BB2C25949A0042F9E5 /* iProgressApp.swift in Sources */ = {isa = PBXBuildFile; fileRef = D1B0C0BA2C25949A0042F9E5 /* iProgressApp.swift */; };
		D1B0C0BD2C25949A0042F9E5 /* ContentView.swift in Sources */ = {isa = PBXBuildFile; fileRef = D1B0C0BC2C25949A0042F9E5 /* ContentView.swift */; };
		D1B0C0BF2C25949B0042F9E5 /* Assets.xcassets in Resources */ = {isa = PBXBuildFile; fileRef = D1B0C0BE2C25949B0042F9E5 /* Assets.xcassets */; };
		D1B0C0C22C25949B0042F9E5 /* Preview Assets.xcassets in Resources */ = {isa = PBXBuildFile; fileRef = D1B0C0C12C25949B0042F9E5 /* Preview Assets.xcassets */; };
		D1B0C0CB2C2595E80042F9E5 /* CreateProgress.swift in Sources */ = {isa = PBXBuildFile; fileRef = D1B0C0CA2C2595E80042F9E5 /* CreateProgress.swift */; };
		D1B46F332C26E8F70078F267 /* ProgressM.swift in Sources */ = {isa = PBXBuildFile; fileRef = D1B46F322C26E8F70078F267 /* ProgressM.swift */; };
		D1DA1D9A2C26D11000AFC914 /* Gauge.swift in Sources */ = {isa = PBXBuildFile; fileRef = D1DA1D992C26D11000AFC914 /* Gauge.swift */; };
		D1ECD5772C281FFC007BFE3F /* NavigationProgress.swift in Sources */ = {isa = PBXBuildFile; fileRef = D1ECD5762C281FFC007BFE3F /* NavigationProgress.swift */; };
		D1ECD5792C294EF6007BFE3F /* visualEffect.swift in Sources */ = {isa = PBXBuildFile; fileRef = D1ECD5782C294EF6007BFE3F /* visualEffect.swift */; };
		D1ECD57B2C295679007BFE3F /* Extensions.swift in Sources */ = {isa = PBXBuildFile; fileRef = D1ECD57A2C295679007BFE3F /* Extensions.swift */; };
/* End PBXBuildFile section */

/* Begin PBXFileReference section */
		D13799AF2C25A25000F84B89 /* UpdateProgress.swift */ = {isa = PBXFileReference; lastKnownFileType = sourcecode.swift; path = UpdateProgress.swift; sourceTree = "<group>"; };
		D1B0C0B72C25949A0042F9E5 /* iProgress.app */ = {isa = PBXFileReference; explicitFileType = wrapper.application; includeInIndex = 0; path = iProgress.app; sourceTree = BUILT_PRODUCTS_DIR; };
		D1B0C0BA2C25949A0042F9E5 /* iProgressApp.swift */ = {isa = PBXFileReference; lastKnownFileType = sourcecode.swift; path = iProgressApp.swift; sourceTree = "<group>"; };
		D1B0C0BC2C25949A0042F9E5 /* ContentView.swift */ = {isa = PBXFileReference; lastKnownFileType = sourcecode.swift; path = ContentView.swift; sourceTree = "<group>"; };
		D1B0C0BE2C25949B0042F9E5 /* Assets.xcassets */ = {isa = PBXFileReference; lastKnownFileType = folder.assetcatalog; path = Assets.xcassets; sourceTree = "<group>"; };
		D1B0C0C12C25949B0042F9E5 /* Preview Assets.xcassets */ = {isa = PBXFileReference; lastKnownFileType = folder.assetcatalog; path = "Preview Assets.xcassets"; sourceTree = "<group>"; };
		D1B0C0CA2C2595E80042F9E5 /* CreateProgress.swift */ = {isa = PBXFileReference; lastKnownFileType = sourcecode.swift; path = CreateProgress.swift; sourceTree = "<group>"; };
		D1B46F322C26E8F70078F267 /* ProgressM.swift */ = {isa = PBXFileReference; lastKnownFileType = sourcecode.swift; path = ProgressM.swift; sourceTree = "<group>"; };
		D1DA1D992C26D11000AFC914 /* Gauge.swift */ = {isa = PBXFileReference; lastKnownFileType = sourcecode.swift; path = Gauge.swift; sourceTree = "<group>"; };
		D1ECD5762C281FFC007BFE3F /* NavigationProgress.swift */ = {isa = PBXFileReference; lastKnownFileType = sourcecode.swift; path = NavigationProgress.swift; sourceTree = "<group>"; };
		D1ECD5782C294EF6007BFE3F /* visualEffect.swift */ = {isa = PBXFileReference; lastKnownFileType = sourcecode.swift; path = visualEffect.swift; sourceTree = "<group>"; };
		D1ECD57A2C295679007BFE3F /* Extensions.swift */ = {isa = PBXFileReference; lastKnownFileType = sourcecode.swift; path = Extensions.swift; sourceTree = "<group>"; };
/* End PBXFileReference section */

/* Begin PBXFrameworksBuildPhase section */
		D1B0C0B42C25949A0042F9E5 /* Frameworks */ = {
			isa = PBXFrameworksBuildPhase;
			buildActionMask = 2147483647;
			files = (
			);
			runOnlyForDeploymentPostprocessing = 0;
		};
/* End PBXFrameworksBuildPhase section */

/* Begin PBXGroup section */
		D1B0C0AE2C25949A0042F9E5 = {
			isa = PBXGroup;
			children = (
				D1B0C0B92C25949A0042F9E5 /* iProgress */,
				D1B0C0B82C25949A0042F9E5 /* Products */,
			);
			sourceTree = "<group>";
		};
		D1B0C0B82C25949A0042F9E5 /* Products */ = {
			isa = PBXGroup;
			children = (
				D1B0C0B72C25949A0042F9E5 /* iProgress.app */,
			);
			name = Products;
			sourceTree = "<group>";
		};
		D1B0C0B92C25949A0042F9E5 /* iProgress */ = {
			isa = PBXGroup;
			children = (
				D1B0C0BA2C25949A0042F9E5 /* iProgressApp.swift */,
				D1B0C0BC2C25949A0042F9E5 /* ContentView.swift */,
				D1DA1D992C26D11000AFC914 /* Gauge.swift */,
				D1B0C0CA2C2595E80042F9E5 /* CreateProgress.swift */,
				D13799AF2C25A25000F84B89 /* UpdateProgress.swift */,
				D1ECD5762C281FFC007BFE3F /* NavigationProgress.swift */,
				D1B46F322C26E8F70078F267 /* ProgressM.swift */,
				D1ECD57A2C295679007BFE3F /* Extensions.swift */,
				D1ECD5782C294EF6007BFE3F /* visualEffect.swift */,
				D1B0C0BE2C25949B0042F9E5 /* Assets.xcassets */,
				D1B0C0C02C25949B0042F9E5 /* Preview Content */,
			);
			path = iProgress;
			sourceTree = "<group>";
		};
		D1B0C0C02C25949B0042F9E5 /* Preview Content */ = {
			isa = PBXGroup;
			children = (
				D1B0C0C12C25949B0042F9E5 /* Preview Assets.xcassets */,
			);
			path = "Preview Content";
			sourceTree = "<group>";
		};
/* End PBXGroup section */

/* Begin PBXNativeTarget section */
		D1B0C0B62C25949A0042F9E5 /* iProgress */ = {
			isa = PBXNativeTarget;
			buildConfigurationList = D1B0C0C52C25949B0042F9E5 /* Build configuration list for PBXNativeTarget "iProgress" */;
			buildPhases = (
				D1B0C0B32C25949A0042F9E5 /* Sources */,
				D1B0C0B42C25949A0042F9E5 /* Frameworks */,
				D1B0C0B52C25949A0042F9E5 /* Resources */,
			);
			buildRules = (
			);
			dependencies = (
			);
			name = iProgress;
			productName = iProgress;
			productReference = D1B0C0B72C25949A0042F9E5 /* iProgress.app */;
			productType = "com.apple.product-type.application";
		};
/* End PBXNativeTarget section */

/* Begin PBXProject section */
		D1B0C0AF2C25949A0042F9E5 /* Project object */ = {
			isa = PBXProject;
			attributes = {
				BuildIndependentTargetsInParallel = 1;
				LastSwiftUpdateCheck = 1600;
				LastUpgradeCheck = 1600;
				TargetAttributes = {
					D1B0C0B62C25949A0042F9E5 = {
						CreatedOnToolsVersion = 16.0;
					};
				};
			};
			buildConfigurationList = D1B0C0B22C25949A0042F9E5 /* Build configuration list for PBXProject "iProgress" */;
			compatibilityVersion = "Xcode 15.0";
			developmentRegion = en;
			hasScannedForEncodings = 0;
			knownRegions = (
				en,
				Base,
			);
			mainGroup = D1B0C0AE2C25949A0042F9E5;
			productRefGroup = D1B0C0B82C25949A0042F9E5 /* Products */;
			projectDirPath = "";
			projectRoot = "";
			targets = (
				D1B0C0B62C25949A0042F9E5 /* iProgress */,
			);
		};
/* End PBXProject section */

/* Begin PBXResourcesBuildPhase section */
		D1B0C0B52C25949A0042F9E5 /* Resources */ = {
			isa = PBXResourcesBuildPhase;
			buildActionMask = 2147483647;
			files = (
				D1B0C0C22C25949B0042F9E5 /* Preview Assets.xcassets in Resources */,
				D1B0C0BF2C25949B0042F9E5 /* Assets.xcassets in Resources */,
			);
			runOnlyForDeploymentPostprocessing = 0;
		};
/* End PBXResourcesBuildPhase section */

/* Begin PBXSourcesBuildPhase section */
		D1B0C0B32C25949A0042F9E5 /* Sources */ = {
			isa = PBXSourcesBuildPhase;
			buildActionMask = 2147483647;
			files = (
				D1B0C0CB2C2595E80042F9E5 /* CreateProgress.swift in Sources */,
				D1ECD57B2C295679007BFE3F /* Extensions.swift in Sources */,
				D1B0C0BD2C25949A0042F9E5 /* ContentView.swift in Sources */,
				D13799B02C25A25000F84B89 /* UpdateProgress.swift in Sources */,
				D1ECD5772C281FFC007BFE3F /* NavigationProgress.swift in Sources */,
				D1DA1D9A2C26D11000AFC914 /* Gauge.swift in Sources */,
				D1B0C0BB2C25949A0042F9E5 /* iProgressApp.swift in Sources */,
				D1ECD5792C294EF6007BFE3F /* visualEffect.swift in Sources */,
				D1B46F332C26E8F70078F267 /* ProgressM.swift in Sources */,
			);
			runOnlyForDeploymentPostprocessing = 0;
		};
/* End PBXSourcesBuildPhase section */

/* Begin XCBuildConfiguration section */
		D1B0C0C32C25949B0042F9E5 /* Debug */ = {
			isa = XCBuildConfiguration;
			buildSettings = {
				ALWAYS_SEARCH_USER_PATHS = NO;
				ASSETCATALOG_COMPILER_GENERATE_SWIFT_ASSET_SYMBOL_EXTENSIONS = YES;
				CLANG_ANALYZER_NONNULL = YES;
				CLANG_ANALYZER_NUMBER_OBJECT_CONVERSION = YES_AGGRESSIVE;
				CLANG_CXX_LANGUAGE_STANDARD = "gnu++20";
				CLANG_ENABLE_MODULES = YES;
				CLANG_ENABLE_OBJC_ARC = YES;
				CLANG_ENABLE_OBJC_WEAK = YES;
				CLANG_WARN_BLOCK_CAPTURE_AUTORELEASING = YES;
				CLANG_WARN_BOOL_CONVERSION = YES;
				CLANG_WARN_COMMA = YES;
				CLANG_WARN_CONSTANT_CONVERSION = YES;
				CLANG_WARN_DEPRECATED_OBJC_IMPLEMENTATIONS = YES;
				CLANG_WARN_DIRECT_OBJC_ISA_USAGE = YES_ERROR;
				CLANG_WARN_DOCUMENTATION_COMMENTS = YES;
				CLANG_WARN_EMPTY_BODY = YES;
				CLANG_WARN_ENUM_CONVERSION = YES;
				CLANG_WARN_INFINITE_RECURSION = YES;
				CLANG_WARN_INT_CONVERSION = YES;
				CLANG_WARN_NON_LITERAL_NULL_CONVERSION = YES;
				CLANG_WARN_OBJC_IMPLICIT_RETAIN_SELF = YES;
				CLANG_WARN_OBJC_LITERAL_CONVERSION = YES;
				CLANG_WARN_OBJC_ROOT_CLASS = YES_ERROR;
				CLANG_WARN_QUOTED_INCLUDE_IN_FRAMEWORK_HEADER = YES;
				CLANG_WARN_RANGE_LOOP_ANALYSIS = YES;
				CLANG_WARN_STRICT_PROTOTYPES = YES;
				CLANG_WARN_SUSPICIOUS_MOVE = YES;
				CLANG_WARN_UNGUARDED_AVAILABILITY = YES_AGGRESSIVE;
				CLANG_WARN_UNREACHABLE_CODE = YES;
				CLANG_WARN__DUPLICATE_METHOD_MATCH = YES;
				COPY_PHASE_STRIP = NO;
				DEBUG_INFORMATION_FORMAT = dwarf;
				ENABLE_STRICT_OBJC_MSGSEND = YES;
				ENABLE_TESTABILITY = YES;
				ENABLE_USER_SCRIPT_SANDBOXING = YES;
				GCC_C_LANGUAGE_STANDARD = gnu17;
				GCC_DYNAMIC_NO_PIC = NO;
				GCC_NO_COMMON_BLOCKS = YES;
				GCC_OPTIMIZATION_LEVEL = 0;
				GCC_PREPROCESSOR_DEFINITIONS = (
					"DEBUG=1",
					"$(inherited)",
				);
				GCC_WARN_64_TO_32_BIT_CONVERSION = YES;
				GCC_WARN_ABOUT_RETURN_TYPE = YES_ERROR;
				GCC_WARN_UNDECLARED_SELECTOR = YES;
				GCC_WARN_UNINITIALIZED_AUTOS = YES_AGGRESSIVE;
				GCC_WARN_UNUSED_FUNCTION = YES;
				GCC_WARN_UNUSED_VARIABLE = YES;
				IPHONEOS_DEPLOYMENT_TARGET = 18.0;
				LOCALIZATION_PREFERS_STRING_CATALOGS = YES;
				MTL_ENABLE_DEBUG_INFO = INCLUDE_SOURCE;
				MTL_FAST_MATH = YES;
				ONLY_ACTIVE_ARCH = YES;
				SDKROOT = iphoneos;
				SWIFT_ACTIVE_COMPILATION_CONDITIONS = "DEBUG $(inherited)";
				SWIFT_OPTIMIZATION_LEVEL = "-Onone";
			};
			name = Debug;
		};
		D1B0C0C42C25949B0042F9E5 /* Release */ = {
			isa = XCBuildConfiguration;
			buildSettings = {
				ALWAYS_SEARCH_USER_PATHS = NO;
				ASSETCATALOG_COMPILER_GENERATE_SWIFT_ASSET_SYMBOL_EXTENSIONS = YES;
				CLANG_ANALYZER_NONNULL = YES;
				CLANG_ANALYZER_NUMBER_OBJECT_CONVERSION = YES_AGGRESSIVE;
				CLANG_CXX_LANGUAGE_STANDARD = "gnu++20";
				CLANG_ENABLE_MODULES = YES;
				CLANG_ENABLE_OBJC_ARC = YES;
				CLANG_ENABLE_OBJC_WEAK = YES;
				CLANG_WARN_BLOCK_CAPTURE_AUTORELEASING = YES;
				CLANG_WARN_BOOL_CONVERSION = YES;
				CLANG_WARN_COMMA = YES;
				CLANG_WARN_CONSTANT_CONVERSION = YES;
				CLANG_WARN_DEPRECATED_OBJC_IMPLEMENTATIONS = YES;
				CLANG_WARN_DIRECT_OBJC_ISA_USAGE = YES_ERROR;
				CLANG_WARN_DOCUMENTATION_COMMENTS = YES;
				CLANG_WARN_EMPTY_BODY = YES;
				CLANG_WARN_ENUM_CONVERSION = YES;
				CLANG_WARN_INFINITE_RECURSION = YES;
				CLANG_WARN_INT_CONVERSION = YES;
				CLANG_WARN_NON_LITERAL_NULL_CONVERSION = YES;
				CLANG_WARN_OBJC_IMPLICIT_RETAIN_SELF = YES;
				CLANG_WARN_OBJC_LITERAL_CONVERSION = YES;
				CLANG_WARN_OBJC_ROOT_CLASS = YES_ERROR;
				CLANG_WARN_QUOTED_INCLUDE_IN_FRAMEWORK_HEADER = YES;
				CLANG_WARN_RANGE_LOOP_ANALYSIS = YES;
				CLANG_WARN_STRICT_PROTOTYPES = YES;
				CLANG_WARN_SUSPICIOUS_MOVE = YES;
				CLANG_WARN_UNGUARDED_AVAILABILITY = YES_AGGRESSIVE;
				CLANG_WARN_UNREACHABLE_CODE = YES;
				CLANG_WARN__DUPLICATE_METHOD_MATCH = YES;
				COPY_PHASE_STRIP = NO;
				DEBUG_INFORMATION_FORMAT = "dwarf-with-dsym";
				ENABLE_NS_ASSERTIONS = NO;
				ENABLE_STRICT_OBJC_MSGSEND = YES;
				ENABLE_USER_SCRIPT_SANDBOXING = YES;
				GCC_C_LANGUAGE_STANDARD = gnu17;
				GCC_NO_COMMON_BLOCKS = YES;
				GCC_WARN_64_TO_32_BIT_CONVERSION = YES;
				GCC_WARN_ABOUT_RETURN_TYPE = YES_ERROR;
				GCC_WARN_UNDECLARED_SELECTOR = YES;
				GCC_WARN_UNINITIALIZED_AUTOS = YES_AGGRESSIVE;
				GCC_WARN_UNUSED_FUNCTION = YES;
				GCC_WARN_UNUSED_VARIABLE = YES;
				IPHONEOS_DEPLOYMENT_TARGET = 18.0;
				LOCALIZATION_PREFERS_STRING_CATALOGS = YES;
				MTL_ENABLE_DEBUG_INFO = NO;
				MTL_FAST_MATH = YES;
				SDKROOT = iphoneos;
				SWIFT_COMPILATION_MODE = wholemodule;
				VALIDATE_PRODUCT = YES;
			};
			name = Release;
		};
		D1B0C0C62C25949B0042F9E5 /* Debug */ = {
			isa = XCBuildConfiguration;
			buildSettings = {
				ASSETCATALOG_COMPILER_APPICON_NAME = AppIcon;
				ASSETCATALOG_COMPILER_GLOBAL_ACCENT_COLOR_NAME = AccentColor;
				CODE_SIGN_STYLE = Automatic;
				CURRENT_PROJECT_VERSION = 1;
				DEVELOPMENT_ASSET_PATHS = "\"iProgress/Preview Content\"";
				DEVELOPMENT_TEAM = VFT9XV5A7N;
				ENABLE_PREVIEWS = YES;
				GENERATE_INFOPLIST_FILE = YES;
				INFOPLIST_KEY_UIApplicationSceneManifest_Generation = YES;
				INFOPLIST_KEY_UIApplicationSupportsIndirectInputEvents = YES;
				INFOPLIST_KEY_UILaunchScreen_Generation = YES;
				INFOPLIST_KEY_UISupportedInterfaceOrientations_iPad = "UIInterfaceOrientationPortrait UIInterfaceOrientationPortraitUpsideDown UIInterfaceOrientationLandscapeLeft UIInterfaceOrientationLandscapeRight";
				INFOPLIST_KEY_UISupportedInterfaceOrientations_iPhone = "UIInterfaceOrientationPortrait UIInterfaceOrientationLandscapeLeft UIInterfaceOrientationLandscapeRight";
				IPHONEOS_DEPLOYMENT_TARGET = 17.0;
				LD_RUNPATH_SEARCH_PATHS = (
					"$(inherited)",
					"@executable_path/Frameworks",
				);
				MARKETING_VERSION = 1.0;
				PRODUCT_BUNDLE_IDENTIFIER = Tim.iProgress;
				PRODUCT_NAME = "$(TARGET_NAME)";
				SWIFT_EMIT_LOC_STRINGS = YES;
				SWIFT_VERSION = 5.0;
				TARGETED_DEVICE_FAMILY = "1,2";
			};
			name = Debug;
		};
		D1B0C0C72C25949B0042F9E5 /* Release */ = {
			isa = XCBuildConfiguration;
			buildSettings = {
				ASSETCATALOG_COMPILER_APPICON_NAME = AppIcon;
				ASSETCATALOG_COMPILER_GLOBAL_ACCENT_COLOR_NAME = AccentColor;
				CODE_SIGN_STYLE = Automatic;
				CURRENT_PROJECT_VERSION = 1;
				DEVELOPMENT_ASSET_PATHS = "\"iProgress/Preview Content\"";
				DEVELOPMENT_TEAM = VFT9XV5A7N;
				ENABLE_PREVIEWS = YES;
				GENERATE_INFOPLIST_FILE = YES;
				INFOPLIST_KEY_UIApplicationSceneManifest_Generation = YES;
				INFOPLIST_KEY_UIApplicationSupportsIndirectInputEvents = YES;
				INFOPLIST_KEY_UILaunchScreen_Generation = YES;
				INFOPLIST_KEY_UISupportedInterfaceOrientations_iPad = "UIInterfaceOrientationPortrait UIInterfaceOrientationPortraitUpsideDown UIInterfaceOrientationLandscapeLeft UIInterfaceOrientationLandscapeRight";
				INFOPLIST_KEY_UISupportedInterfaceOrientations_iPhone = "UIInterfaceOrientationPortrait UIInterfaceOrientationLandscapeLeft UIInterfaceOrientationLandscapeRight";
				IPHONEOS_DEPLOYMENT_TARGET = 17.0;
				LD_RUNPATH_SEARCH_PATHS = (
					"$(inherited)",
					"@executable_path/Frameworks",
				);
				MARKETING_VERSION = 1.0;
				PRODUCT_BUNDLE_IDENTIFIER = Tim.iProgress;
				PRODUCT_NAME = "$(TARGET_NAME)";
				SWIFT_EMIT_LOC_STRINGS = YES;
				SWIFT_VERSION = 5.0;
				TARGETED_DEVICE_FAMILY = "1,2";
			};
			name = Release;
		};
/* End XCBuildConfiguration section */

/* Begin XCConfigurationList section */
		D1B0C0B22C25949A0042F9E5 /* Build configuration list for PBXProject "iProgress" */ = {
			isa = XCConfigurationList;
			buildConfigurations = (
				D1B0C0C32C25949B0042F9E5 /* Debug */,
				D1B0C0C42C25949B0042F9E5 /* Release */,
			);
			defaultConfigurationIsVisible = 0;
			defaultConfigurationName = Release;
		};
		D1B0C0C52C25949B0042F9E5 /* Build configuration list for PBXNativeTarget "iProgress" */ = {
			isa = XCConfigurationList;
			buildConfigurations = (
				D1B0C0C62C25949B0042F9E5 /* Debug */,
				D1B0C0C72C25949B0042F9E5 /* Release */,
			);
			defaultConfigurationIsVisible = 0;
			defaultConfigurationName = Release;
		};
/* End XCConfigurationList section */
	};
	rootObject = D1B0C0AF2C25949A0042F9E5 /* Project object */;
}
